
Microsoft Visual Studio Solution File, Format Version 12.00
# Visual Studio 2012
Project("{FAE04EC0-301F-11D3-BF4B-00C04F79EFBC}") = "Figures", "Figures\Figures.csproj", "{CA45AD28-B8E4-4706-809D-0DED0E10B29A}"
EndProject
Global
	GlobalSection(SolutionConfigurationPlatforms) = preSolution
		Debug|Any CPU = Debug|Any CPU
		Release|Any CPU = Release|Any CPU
	EndGlobalSection
	GlobalSection(ProjectConfigurationPlatforms) = postSolution
		{CA45AD28-B8E4-4706-809D-0DED0E10B29A}.Debug|Any CPU.ActiveCfg = Debug|Any CPU
		{CA45AD28-B8E4-4706-809D-0DED0E10B29A}.Debug|Any CPU.Build.0 = Debug|Any CPU
		{CA45AD28-B8E4-4706-809D-0DED0E10B29A}.Release|Any CPU.ActiveCfg = Release|Any CPU
		{CA45AD28-B8E4-4706-809D-0DED0E10B29A}.Release|Any CPU.Build.0 = Release|Any CPU
	EndGlobalSection
	GlobalSection(SolutionProperties) = preSolution
		HideSolutionNode = FALSE
	EndGlobalSection
EndGlobal
